
Microsoft Visual Studio Solution File, Format Version 12.00
# Visual Studio Version 16
VisualStudioVersion = 16.0.32228.343
MinimumVisualStudioVersion = 10.0.40219.1
Project("{FAE04EC0-301F-11D3-BF4B-00C04F79EFBC}") = "Sims-Hospital-Zdravo", "Sims-Hospital-Zdravo.csproj", "{2F748E18-41A4-44CE-AFE0-1C0DD2C46807}"
EndProject
Global
	GlobalSection(SolutionConfigurationPlatforms) = preSolution
		Debug|Any CPU = Debug|Any CPU
		Release|Any CPU = Release|Any CPU
	EndGlobalSection
	GlobalSection(ProjectConfigurationPlatforms) = postSolution
		{2F748E18-41A4-44CE-AFE0-1C0DD2C46807}.Debug|Any CPU.ActiveCfg = Debug|Any CPU
		{2F748E18-41A4-44CE-AFE0-1C0DD2C46807}.Debug|Any CPU.Build.0 = Debug|Any CPU
		{2F748E18-41A4-44CE-AFE0-1C0DD2C46807}.Release|Any CPU.ActiveCfg = Release|Any CPU
		{2F748E18-41A4-44CE-AFE0-1C0DD2C46807}.Release|Any CPU.Build.0 = Release|Any CPU
	EndGlobalSection
	GlobalSection(SolutionProperties) = preSolution
		HideSolutionNode = FALSE
	EndGlobalSection
	GlobalSection(ExtensibilityGlobals) = postSolution
		SolutionGuid = {2F169053-1791-44AB-9DEE-1AFAF8178B7F}
	EndGlobalSection
EndGlobal
